// !$*UTF8*$!
{
	archiveVersion = 1;
	classes = {
	};
	objectVersion = 46;
	objects = {

/* Begin PBXBuildFile section */
		A2C6CB181AAE1FFC0091C18A /* test.h in Headers */ = {isa = PBXBuildFile; fileRef = A2C6CB171AAE1FFC0091C18A /* test.h */; };
		A2C6CB1A1AAE1FFC0091C18A /* test.m in Sources */ = {isa = PBXBuildFile; fileRef = A2C6CB191AAE1FFC0091C18A /* test.m */; };
		A2C6CB201AAE1FFC0091C18A /* libtest.dylib in Frameworks */ = {isa = PBXBuildFile; fileRef = A2C6CB141AAE1FFC0091C18A /* libtest.dylib */; };
/* End PBXBuildFile section */

/* Begin PBXContainerItemProxy section */
		A2C6CB211AAE1FFC0091C18A /* PBXContainerItemProxy */ = {
			isa = PBXContainerItemProxy;
			containerPortal = A2C6CB0C1AAE1FFC0091C18A /* Project object */;
			proxyType = 1;
			remoteGlobalIDString = A2C6CB131AAE1FFC0091C18A;
			remoteInfo = test;
		};
/* End PBXContainerItemProxy section */

/* Begin PBXFileReference section */
		A2C6CB141AAE1FFC0091C18A /* libtest.dylib */ = {isa = PBXFileReference; explicitFileType = "compiled.mach-o.dylib"; includeInIndex = 0; path = libtest.dylib; sourceTree = BUILT_PRODUCTS_DIR; };
		A2C6CB171AAE1FFC0091C18A /* test.h */ = {isa = PBXFileReference; lastKnownFileType = sourcecode.c.h; path = test.h; sourceTree = "<group>"; };
		A2C6CB191AAE1FFC0091C18A /* test.m */ = {isa = PBXFileReference; lastKnownFileType = sourcecode.c.objc; path = test.m; sourceTree = "<group>"; };
		A2C6CB1F1AAE1FFC0091C18A /* testTests.xctest */ = {isa = PBXFileReference; explicitFileType = wrapper.cfbundle; includeInIndex = 0; path = testTests.xctest; sourceTree = BUILT_PRODUCTS_DIR; };
		A2C6CB251AAE1FFC0091C18A /* Info.plist */ = {isa = PBXFileReference; lastKnownFileType = text.plist.xml; path = Info.plist; sourceTree = "<group>"; };
/* End PBXFileReference section */

/* Begin PBXFrameworksBuildPhase section */
		A2C6CB111AAE1FFC0091C18A /* Frameworks */ = {
			isa = PBXFrameworksBuildPhase;
			buildActionMask = 2147483647;
			files = (
			);
			runOnlyForDeploymentPostprocessing = 0;
		};
		A2C6CB1C1AAE1FFC0091C18A /* Frameworks */ = {
			isa = PBXFrameworksBuildPhase;
			buildActionMask = 2147483647;
			files = (
				A2C6CB201AAE1FFC0091C18A /* libtest.dylib in Frameworks */,
			);
			runOnlyForDeploymentPostprocessing = 0;
		};
/* End PBXFrameworksBuildPhase section */

/* Begin PBXGroup section */
		A2C6CB0B1AAE1FFC0091C18A = {
			isa = PBXGroup;
			children = (
				A2C6CB161AAE1FFC0091C18A /* test */,
				A2C6CB231AAE1FFC0091C18A /* testTests */,
				A2C6CB151AAE1FFC0091C18A /* Products */,
			);
			sourceTree = "<group>";
		};
		A2C6CB151AAE1FFC0091C18A /* Products */ = {
			isa = PBXGroup;
			children = (
				A2C6CB141AAE1FFC0091C18A /* libtest.dylib */,
				A2C6CB1F1AAE1FFC0091C18A /* testTests.xctest */,
			);
			name = Products;
			sourceTree = "<group>";
		};
		A2C6CB161AAE1FFC0091C18A /* test */ = {
			isa = PBXGroup;
			children = (
				A2C6CB171AAE1FFC0091C18A /* test.h */,
				A2C6CB191AAE1FFC0091C18A /* test.m */,
			);
			path = test;
			sourceTree = "<group>";
		};
		A2C6CB231AAE1FFC0091C18A /* testTests */ = {
			isa = PBXGroup;
			children = (
				A2C6CB241AAE1FFC0091C18A /* Supporting Files */,
			);
			path = testTests;
			sourceTree = "<group>";
		};
		A2C6CB241AAE1FFC0091C18A /* Supporting Files */ = {
			isa = PBXGroup;
			children = (
				A2C6CB251AAE1FFC0091C18A /* Info.plist */,
			);
			name = "Supporting Files";
			sourceTree = "<group>";
		};
/* End PBXGroup section */

/* Begin PBXHeadersBuildPhase section */
		A2C6CB121AAE1FFC0091C18A /* Headers */ = {
			isa = PBXHeadersBuildPhase;
			buildActionMask = 2147483647;
			files = (
				A2C6CB181AAE1FFC0091C18A /* test.h in Headers */,
			);
			runOnlyForDeploymentPostprocessing = 0;
		};
/* End PBXHeadersBuildPhase section */

/* Begin PBXNativeTarget section */
		A2C6CB131AAE1FFC0091C18A /* test */ = {
			isa = PBXNativeTarget;
			buildConfigurationList = A2C6CB281AAE1FFC0091C18A /* Build configuration list for PBXNativeTarget "test" */;
			buildPhases = (
				A2C6CB101AAE1FFC0091C18A /* Sources */,
				A2C6CB111AAE1FFC0091C18A /* Frameworks */,
				A2C6CB121AAE1FFC0091C18A /* Headers */,
			);
			buildRules = (
			);
			dependencies = (
			);
			name = test;
			productName = test;
			productReference = A2C6CB141AAE1FFC0091C18A /* libtest.dylib */;
			productType = "com.apple.product-type.library.dynamic";
		};
		A2C6CB1E1AAE1FFC0091C18A /* testTests */ = {
			isa = PBXNativeTarget;
			buildConfigurationList = A2C6CB2B1AAE1FFC0091C18A /* Build configuration list for PBXNativeTarget "testTests" */;
			buildPhases = (
				A2C6CB1B1AAE1FFC0091C18A /* Sources */,
				A2C6CB1C1AAE1FFC0091C18A /* Frameworks */,
				A2C6CB1D1AAE1FFC0091C18A /* Resources */,
			);
			buildRules = (
			);
			dependencies = (
				A2C6CB221AAE1FFC0091C18A /* PBXTargetDependency */,
			);
			name = testTests;
			productName = testTests;
			productReference = A2C6CB1F1AAE1FFC0091C18A /* testTests.xctest */;
			productType = "com.apple.product-type.bundle.unit-test";
		};
/* End PBXNativeTarget section */

/* Begin PBXProject section */
		A2C6CB0C1AAE1FFC0091C18A /* Project object */ = {
			isa = PBXProject;
			attributes = {
				LastUpgradeCheck = 0610;
				ORGANIZATIONNAME = SpeedY;
				TargetAttributes = {
					A2C6CB131AAE1FFC0091C18A = {
						CreatedOnToolsVersion = 6.1.1;
					};
					A2C6CB1E1AAE1FFC0091C18A = {
						CreatedOnToolsVersion = 6.1.1;
					};
				};
			};
			buildConfigurationList = A2C6CB0F1AAE1FFC0091C18A /* Build configuration list for PBXProject "test" */;
			compatibilityVersion = "Xcode 3.2";
			developmentRegion = English;
			hasScannedForEncodings = 0;
			knownRegions = (
				en,
			);
			mainGroup = A2C6CB0B1AAE1FFC0091C18A;
			productRefGroup = A2C6CB151AAE1FFC0091C18A /* Products */;
			projectDirPath = "";
			projectRoot = "";
			targets = (
				A2C6CB131AAE1FFC0091C18A /* test */,
				A2C6CB1E1AAE1FFC0091C18A /* testTests */,
			);
		};
/* End PBXProject section */

/* Begin PBXResourcesBuildPhase section */
		A2C6CB1D1AAE1FFC0091C18A /* Resources */ = {
			isa = PBXResourcesBuildPhase;
			buildActionMask = 2147483647;
			files = (
			);
			runOnlyForDeploymentPostprocessing = 0;
		};
/* End PBXResourcesBuildPhase section */

/* Begin PBXSourcesBuildPhase section */
		A2C6CB101AAE1FFC0091C18A /* Sources */ = {
			isa = PBXSourcesBuildPhase;
			buildActionMask = 2147483647;
			files = (
				A2C6CB1A1AAE1FFC0091C18A /* test.m in Sources */,
			);
			runOnlyForDeploymentPostprocessing = 0;
		};
		A2C6CB1B1AAE1FFC0091C18A /* Sources */ = {
			isa = PBXSourcesBuildPhase;
			buildActionMask = 2147483647;
			files = (
			);
			runOnlyForDeploymentPostprocessing = 0;
		};
/* End PBXSourcesBuildPhase section */

/* Begin PBXTargetDependency section */
		A2C6CB221AAE1FFC0091C18A /* PBXTargetDependency */ = {
			isa = PBXTargetDependency;
			target = A2C6CB131AAE1FFC0091C18A /* test */;
			targetProxy = A2C6CB211AAE1FFC0091C18A /* PBXContainerItemProxy */;
		};
/* End PBXTargetDependency section */

/* Begin XCBuildConfiguration section */
		A2C6CB261AAE1FFC0091C18A /* Debug */ = {
			isa = XCBuildConfiguration;
			buildSettings = {
				ALWAYS_SEARCH_USER_PATHS = NO;
				CLANG_CXX_LANGUAGE_STANDARD = "gnu++0x";
				CLANG_CXX_LIBRARY = "libc++";
				CLANG_ENABLE_MODULES = YES;
				CLANG_ENABLE_OBJC_ARC = YES;
				CLANG_WARN_BOOL_CONVERSION = YES;
				CLANG_WARN_CONSTANT_CONVERSION = YES;
				CLANG_WARN_DIRECT_OBJC_ISA_USAGE = YES_ERROR;
				CLANG_WARN_EMPTY_BODY = YES;
				CLANG_WARN_ENUM_CONVERSION = YES;
				CLANG_WARN_INT_CONVERSION = YES;
				CLANG_WARN_OBJC_ROOT_CLASS = YES_ERROR;
				CLANG_WARN_UNREACHABLE_CODE = YES;
				CLANG_WARN__DUPLICATE_METHOD_MATCH = YES;
				COPY_PHASE_STRIP = NO;
				ENABLE_STRICT_OBJC_MSGSEND = YES;
				GCC_C_LANGUAGE_STANDARD = gnu99;
				GCC_DYNAMIC_NO_PIC = NO;
				GCC_OPTIMIZATION_LEVEL = 0;
				GCC_PREPROCESSOR_DEFINITIONS = (
					"DEBUG=1",
					"$(inherited)",
				);
				GCC_SYMBOLS_PRIVATE_EXTERN = NO;
				GCC_WARN_64_TO_32_BIT_CONVERSION = YES;
				GCC_WARN_ABOUT_RETURN_TYPE = YES_ERROR;
				GCC_WARN_UNDECLARED_SELECTOR = YES;
				GCC_WARN_UNINITIALIZED_AUTOS = YES_AGGRESSIVE;
				GCC_WARN_UNUSED_FUNCTION = YES;
				GCC_WARN_UNUSED_VARIABLE = YES;
				MACOSX_DEPLOYMENT_TARGET = 10.10;
				MTL_ENABLE_DEBUG_INFO = YES;
				ONLY_ACTIVE_ARCH = YES;
				SDKROOT = macosx;
			};
			name = Debug;
		};
		A2C6CB271AAE1FFC0091C18A /* Release */ = {
			isa = XCBuildConfiguration;
			buildSettings = {
				ALWAYS_SEARCH_USER_PATHS = NO;
				CLANG_CXX_LANGUAGE_STANDARD = "gnu++0x";
				CLANG_CXX_LIBRARY = "libc++";
				CLANG_ENABLE_MODULES = YES;
				CLANG_ENABLE_OBJC_ARC = YES;
				CLANG_WARN_BOOL_CONVERSION = YES;
				CLANG_WARN_CONSTANT_CONVERSION = YES;
				CLANG_WARN_DIRECT_OBJC_ISA_USAGE = YES_ERROR;
				CLANG_WARN_EMPTY_BODY = YES;
				CLANG_WARN_ENUM_CONVERSION = YES;
				CLANG_WARN_INT_CONVERSION = YES;
				CLANG_WARN_OBJC_ROOT_CLASS = YES_ERROR;
				CLANG_WARN_UNREACHABLE_CODE = YES;
				CLANG_WARN__DUPLICATE_METHOD_MATCH = YES;
				COPY_PHASE_STRIP = YES;
				DEBUG_INFORMATION_FORMAT = "dwarf-with-dsym";
				ENABLE_NS_ASSERTIONS = NO;
				ENABLE_STRICT_OBJC_MSGSEND = YES;
				GCC_C_LANGUAGE_STANDARD = gnu99;
				GCC_WARN_64_TO_32_BIT_CONVERSION = YES;
				GCC_WARN_ABOUT_RETURN_TYPE = YES_ERROR;
				GCC_WARN_UNDECLARED_SELECTOR = YES;
				GCC_WARN_UNINITIALIZED_AUTOS = YES_AGGRESSIVE;
				GCC_WARN_UNUSED_FUNCTION = YES;
				GCC_WARN_UNUSED_VARIABLE = YES;
				MACOSX_DEPLOYMENT_TARGET = 10.10;
				MTL_ENABLE_DEBUG_INFO = NO;
				SDKROOT = macosx;
			};
			name = Release;
		};
		A2C6CB291AAE1FFC0091C18A /* Debug */ = {
			isa = XCBuildConfiguration;
			buildSettings = {
				DYLIB_COMPATIBILITY_VERSION = 1;
				DYLIB_CURRENT_VERSION = 1;
				EXECUTABLE_PREFIX = lib;
				PRODUCT_NAME = "$(TARGET_NAME)";
			};
			name = Debug;
		};
		A2C6CB2A1AAE1FFC0091C18A /* Release */ = {
			isa = XCBuildConfiguration;
			buildSettings = {
				DYLIB_COMPATIBILITY_VERSION = 1;
				DYLIB_CURRENT_VERSION = 1;
				EXECUTABLE_PREFIX = lib;
				PRODUCT_NAME = "$(TARGET_NAME)";
			};
			name = Release;
		};
		A2C6CB2C1AAE1FFC0091C18A /* Debug */ = {
			isa = XCBuildConfiguration;
			buildSettings = {
				COMBINE_HIDPI_IMAGES = YES;
				FRAMEWORK_SEARCH_PATHS = (
					"$(DEVELOPER_FRAMEWORKS_DIR)",
					"$(inherited)",
				);
				GCC_PREPROCESSOR_DEFINITIONS = (
					"DEBUG=1",
					"$(inherited)",
				);
				INFOPLIST_FILE = testTests/Info.plist;
				LD_RUNPATH_SEARCH_PATHS = "$(inherited) @executable_path/../Frameworks @loader_path/../Frameworks";
				PRODUCT_NAME = "$(TARGET_NAME)";
			};
			name = Debug;
		};
		A2C6CB2D1AAE1FFC0091C18A /* Release */ = {
			isa = XCBuildConfiguration;
			buildSettings = {
				COMBINE_HIDPI_IMAGES = YES;
				FRAMEWORK_SEARCH_PATHS = (
					"$(DEVELOPER_FRAMEWORKS_DIR)",
					"$(inherited)",
				);
				INFOPLIST_FILE = testTests/Info.plist;
				LD_RUNPATH_SEARCH_PATHS = "$(inherited) @executable_path/../Frameworks @loader_path/../Frameworks";
				PRODUCT_NAME = "$(TARGET_NAME)";
			};
			name = Release;
		};
/* End XCBuildConfiguration section */

/* Begin XCConfigurationList section */
		A2C6CB0F1AAE1FFC0091C18A /* Build configuration list for PBXProject "test" */ = {
			isa = XCConfigurationList;
			buildConfigurations = (
				A2C6CB261AAE1FFC0091C18A /* Debug */,
				A2C6CB271AAE1FFC0091C18A /* Release */,
			);
			defaultConfigurationIsVisible = 0;
			defaultConfigurationName = Release;
		};
		A2C6CB281AAE1FFC0091C18A /* Build configuration list for PBXNativeTarget "test" */ = {
			isa = XCConfigurationList;
			buildConfigurations = (
				A2C6CB291AAE1FFC0091C18A /* Debug */,
				A2C6CB2A1AAE1FFC0091C18A /* Release */,
			);
			defaultConfigurationIsVisible = 0;
		};
		A2C6CB2B1AAE1FFC0091C18A /* Build configuration list for PBXNativeTarget "testTests" */ = {
			isa = XCConfigurationList;
			buildConfigurations = (
				A2C6CB2C1AAE1FFC0091C18A /* Debug */,
				A2C6CB2D1AAE1FFC0091C18A /* Release */,
			);
			defaultConfigurationIsVisible = 0;
		};
/* End XCConfigurationList section */
	};
	rootObject = A2C6CB0C1AAE1FFC0091C18A /* Project object */;
}
